
Microsoft Visual Studio Solution File, Format Version 12.00
# Visual Studio Version 16
VisualStudioVersion = 16.0.32106.194
MinimumVisualStudioVersion = 10.0.40219.1
Project("{FAE04EC0-301F-11D3-BF4B-00C04F79EFBC}") = "PersonalityTest", "PersonalityTest\PersonalityTest.csproj", "{4E20EBAE-90D1-44A2-B528-59B3D43229E4}"
EndProject
Project("{FAE04EC0-301F-11D3-BF4B-00C04F79EFBC}") = "PersonalityTestSwitch", "PersonalityTestSwitch\PersonalityTestSwitch.csproj", "{06C2B933-C3F0-41F0-9FEB-506933D98478}"
EndProject
Project("{FAE04EC0-301F-11D3-BF4B-00C04F79EFBC}") = "GradingIf", "GradingIf\GradingIf.csproj", "{99DB3A87-3EF1-41A2-96EF-C9957E1C5071}"
EndProject
Project("{FAE04EC0-301F-11D3-BF4B-00C04F79EFBC}") = "GradingSwitch", "GradingSwitch\GradingSwitch.csproj", "{96494674-EA58-4283-B33F-7E0BA9DECC20}"
EndProject
Project("{FAE04EC0-301F-11D3-BF4B-00C04F79EFBC}") = "CatsAndDogs", "CatsAndDogs\CatsAndDogs.csproj", "{9F9C3BB9-874E-447B-879C-B3356A2176B0}"
EndProject
Global
	GlobalSection(SolutionConfigurationPlatforms) = preSolution
		Debug|Any CPU = Debug|Any CPU
		Release|Any CPU = Release|Any CPU
	EndGlobalSection
	GlobalSection(ProjectConfigurationPlatforms) = postSolution
		{4E20EBAE-90D1-44A2-B528-59B3D43229E4}.Debug|Any CPU.ActiveCfg = Debug|Any CPU
		{4E20EBAE-90D1-44A2-B528-59B3D43229E4}.Debug|Any CPU.Build.0 = Debug|Any CPU
		{4E20EBAE-90D1-44A2-B528-59B3D43229E4}.Release|Any CPU.ActiveCfg = Release|Any CPU
		{4E20EBAE-90D1-44A2-B528-59B3D43229E4}.Release|Any CPU.Build.0 = Release|Any CPU
		{06C2B933-C3F0-41F0-9FEB-506933D98478}.Debug|Any CPU.ActiveCfg = Debug|Any CPU
		{06C2B933-C3F0-41F0-9FEB-506933D98478}.Debug|Any CPU.Build.0 = Debug|Any CPU
		{06C2B933-C3F0-41F0-9FEB-506933D98478}.Release|Any CPU.ActiveCfg = Release|Any CPU
		{06C2B933-C3F0-41F0-9FEB-506933D98478}.Release|Any CPU.Build.0 = Release|Any CPU
		{99DB3A87-3EF1-41A2-96EF-C9957E1C5071}.Debug|Any CPU.ActiveCfg = Debug|Any CPU
		{99DB3A87-3EF1-41A2-96EF-C9957E1C5071}.Debug|Any CPU.Build.0 = Debug|Any CPU
		{99DB3A87-3EF1-41A2-96EF-C9957E1C5071}.Release|Any CPU.ActiveCfg = Release|Any CPU
		{99DB3A87-3EF1-41A2-96EF-C9957E1C5071}.Release|Any CPU.Build.0 = Release|Any CPU
		{96494674-EA58-4283-B33F-7E0BA9DECC20}.Debug|Any CPU.ActiveCfg = Debug|Any CPU
		{96494674-EA58-4283-B33F-7E0BA9DECC20}.Debug|Any CPU.Build.0 = Debug|Any CPU
		{96494674-EA58-4283-B33F-7E0BA9DECC20}.Release|Any CPU.ActiveCfg = Release|Any CPU
		{96494674-EA58-4283-B33F-7E0BA9DECC20}.Release|Any CPU.Build.0 = Release|Any CPU
		{9F9C3BB9-874E-447B-879C-B3356A2176B0}.Debug|Any CPU.ActiveCfg = Debug|Any CPU
		{9F9C3BB9-874E-447B-879C-B3356A2176B0}.Debug|Any CPU.Build.0 = Debug|Any CPU
		{9F9C3BB9-874E-447B-879C-B3356A2176B0}.Release|Any CPU.ActiveCfg = Release|Any CPU
		{9F9C3BB9-874E-447B-879C-B3356A2176B0}.Release|Any CPU.Build.0 = Release|Any CPU
	EndGlobalSection
	GlobalSection(SolutionProperties) = preSolution
		HideSolutionNode = FALSE
	EndGlobalSection
	GlobalSection(ExtensibilityGlobals) = postSolution
		SolutionGuid = {FAE0C90D-FB42-4B37-BCF5-A23E9475B059}
	EndGlobalSection
EndGlobal
